
Microsoft Visual Studio Solution File, Format Version 12.00
# Visual Studio Version 16
VisualStudioVersion = 16.0.31112.23
MinimumVisualStudioVersion = 10.0.40219.1
Project("{FAE04EC0-301F-11D3-BF4B-00C04F79EFBC}") = "bulk.abstractions", "bulk.abstractions\bulk.abstractions.csproj", "{ADDFEEDA-266E-48DA-8B24-9F74FAE59902}"
EndProject
Global
	GlobalSection(SolutionConfigurationPlatforms) = preSolution
		Debug|Any CPU = Debug|Any CPU
		Release|Any CPU = Release|Any CPU
	EndGlobalSection
	GlobalSection(ProjectConfigurationPlatforms) = postSolution
		{ADDFEEDA-266E-48DA-8B24-9F74FAE59902}.Debug|Any CPU.ActiveCfg = Debug|Any CPU
		{ADDFEEDA-266E-48DA-8B24-9F74FAE59902}.Debug|Any CPU.Build.0 = Debug|Any CPU
		{ADDFEEDA-266E-48DA-8B24-9F74FAE59902}.Release|Any CPU.ActiveCfg = Release|Any CPU
		{ADDFEEDA-266E-48DA-8B24-9F74FAE59902}.Release|Any CPU.Build.0 = Release|Any CPU
	EndGlobalSection
	GlobalSection(SolutionProperties) = preSolution
		HideSolutionNode = FALSE
	EndGlobalSection
	GlobalSection(ExtensibilityGlobals) = postSolution
		SolutionGuid = {9AD00918-DFB6-472B-8DF0-82DEE72C248E}
	EndGlobalSection
EndGlobal
